
Microsoft Visual Studio Solution File, Format Version 12.00
Project("{FAE04EC0-301F-11D3-BF4B-00C04F79EFBC}") = "QuestManagmentLib", "QuestManagmentLib\QuestManagmentLib.csproj", "{BA0A7419-1A7C-4F55-992B-1029C56605AF}"
EndProject
Project("{FAE04EC0-301F-11D3-BF4B-00C04F79EFBC}") = "QuestManagmentConsole", "QuestManagmentConsole\QuestManagmentConsole.csproj", "{14428DBA-1622-476E-885F-654DC3896142}"
EndProject
Global
	GlobalSection(SolutionConfigurationPlatforms) = preSolution
		Debug|Any CPU = Debug|Any CPU
		Release|Any CPU = Release|Any CPU
	EndGlobalSection
	GlobalSection(ProjectConfigurationPlatforms) = postSolution
		{BA0A7419-1A7C-4F55-992B-1029C56605AF}.Debug|Any CPU.ActiveCfg = Debug|Any CPU
		{BA0A7419-1A7C-4F55-992B-1029C56605AF}.Debug|Any CPU.Build.0 = Debug|Any CPU
		{BA0A7419-1A7C-4F55-992B-1029C56605AF}.Release|Any CPU.ActiveCfg = Release|Any CPU
		{BA0A7419-1A7C-4F55-992B-1029C56605AF}.Release|Any CPU.Build.0 = Release|Any CPU
		{14428DBA-1622-476E-885F-654DC3896142}.Debug|Any CPU.ActiveCfg = Debug|Any CPU
		{14428DBA-1622-476E-885F-654DC3896142}.Debug|Any CPU.Build.0 = Debug|Any CPU
		{14428DBA-1622-476E-885F-654DC3896142}.Release|Any CPU.ActiveCfg = Release|Any CPU
		{14428DBA-1622-476E-885F-654DC3896142}.Release|Any CPU.Build.0 = Release|Any CPU
	EndGlobalSection
EndGlobal
